<?xml version="1.0" encoding="utf-8"?>
<Project ToolsVersion="4.0" xmlns="http://schemas.microsoft.com/developer/msbuild/2003">
  <ItemGroup>
    <ClCompile Include="pch.cpp" />
    <ClCompile Include="ArrayTest.cpp">
      <Filter>UnitTests</Filter>
    </ClCompile>
    <ClCompile Include="BinarySearchTest.cpp">
      <Filter>UnitTests</Filter>
    </ClCompile>
    <ClCompile Include="BinarySearchTreeTest.cpp">
      <Filter>UnitTests</Filter>
    </ClCompile>
    <ClCompile Include="BracketSymmetryProblem.cpp">
      <Filter>UnitTests</Filter>
    </ClCompile>
    <ClCompile Include="ChainingHashingTest.cpp">
      <Filter>UnitTests</Filter>
    </ClCompile>
    <ClCompile Include="CircularQueueTest.cpp">
      <Filter>UnitTests</Filter>
    </ClCompile>
    <ClCompile Include="DequeTest.cpp">
      <Filter>UnitTests</Filter>
    </ClCompile>
    <ClCompile Include="DoubleLinkedListTest.cpp">
      <Filter>UnitTests</Filter>
    </ClCompile>
    <ClCompile Include="GraphTest.cpp">
      <Filter>UnitTests</Filter>
    </ClCompile>
    <ClCompile Include="LinearProbingHashingTest.cpp">
      <Filter>UnitTests</Filter>
    </ClCompile>
    <ClCompile Include="LinkedListTest.cpp">
      <Filter>UnitTests</Filter>
    </ClCompile>
    <ClCompile Include="QueueWithDoubleLinkedListTest.cpp">
      <Filter>UnitTests</Filter>
    </ClCompile>
    <ClCompile Include="QueueWithLinkedListTest.cpp">
      <Filter>UnitTests</Filter>
    </ClCompile>
    <ClCompile Include="SortingTest.cpp">
      <Filter>UnitTests</Filter>
    </ClCompile>
    <ClCompile Include="StackWithDoubleLinkedListTest.cpp">
      <Filter>UnitTests</Filter>
    </ClCompile>
    <ClCompile Include="StackWithLinkedListTest.cpp">
      <Filter>UnitTests</Filter>
    </ClCompile>
    <ClCompile Include="TrieTest.cpp">
      <Filter>UnitTests</Filter>
    </ClCompile>
    <ClCompile Include="LC-0001-TwoSum.cpp">
      <Filter>Problems\LeetCode</Filter>
    </ClCompile>
    <ClCompile Include="LC-0155-MinStack.cpp">
      <Filter>Problems\LeetCode</Filter>
    </ClCompile>
    <ClCompile Include="LC-0716-MaxStack.cpp">
      <Filter>Problems\LeetCode</Filter>
    </ClCompile>
    <ClCompile Include="LC-0092-ReverseLinkedList.cpp">
      <Filter>Problems\LeetCode</Filter>
    </ClCompile>
    <ClCompile Include="LC-0105-TreeConstruction.cpp">
      <Filter>Problems\LeetCode</Filter>
    </ClCompile>
    <ClCompile Include="LC-0951-FlipTree.cpp">
      <Filter>Problems\LeetCode</Filter>
    </ClCompile>
    <ClCompile Include="LC-0023-MergeKLinkedLists.cpp">
      <Filter>Problems\LeetCode</Filter>
    </ClCompile>
    <ClCompile Include="LC-0889-BSTFromPreOrder.cpp">
      <Filter>Problems\LeetCode</Filter>
    </ClCompile>
    <ClCompile Include="LC-0007-ReverseInteger.cpp">
      <Filter>Problems\LeetCode</Filter>
    </ClCompile>
    <ClCompile Include="LC-0026-RemoveDuplicates.cpp">
      <Filter>Problems\LeetCode</Filter>
    </ClCompile>
    <ClCompile Include="LC-0027-RemoveElement.cpp">
      <Filter>Problems\LeetCode</Filter>
    </ClCompile>
    <ClCompile Include="LC-0035-Search Insert Position.cpp">
      <Filter>Problems\LeetCode</Filter>
    </ClCompile>
    <ClCompile Include="LC-0036-Valid Sudoku.cpp">
      <Filter>Problems\LeetCode</Filter>
    </ClCompile>
    <ClCompile Include="LC-0041-First Missing Positive.cpp">
      <Filter>Problems\LeetCode</Filter>
    </ClCompile>
    <ClCompile Include="LC-0005-LongestPalindrome.cpp">
      <Filter>Problems\LeetCode</Filter>
    </ClCompile>
    <ClCompile Include="LC-0006-ZigZag Conversion.cpp">
      <Filter>Problems\LeetCode</Filter>
    </ClCompile>
    <ClCompile Include="LC-1047-Remove All Adjacent Duplicates In String.cpp">
      <Filter>Problems\LeetCode</Filter>
    </ClCompile>
    <ClCompile Include="LC-0792-Number of Matching Subsequences.cpp">
      <Filter>Problems\LeetCode</Filter>
    </ClCompile>
    <ClCompile Include="LC-0092-Reverse Linked List II.cpp">
      <Filter>Problems\LeetCode</Filter>
    </ClCompile>
    <ClCompile Include="LC-0014-Longest Common Prefix.cpp">
      <Filter>Problems\LeetCode</Filter>
    </ClCompile>
    <ClCompile Include="LC-0015. 3Sum.cpp">
      <Filter>Problems\LeetCode</Filter>
    </ClCompile>
    <ClCompile Include="001 - NQueensProblem.cpp">
      <Filter>Problems\Backtracking</Filter>
    </ClCompile>
    <ClCompile Include="002 - HamiltonianCycle.cpp">
      <Filter>Problems\Backtracking</Filter>
    </ClCompile>
  </ItemGroup>
  <ItemGroup>
    <ClInclude Include="pch.h" />
    <ClInclude Include="TreeConstruction.h">
      <Filter>UnitTests</Filter>
    </ClInclude>
  </ItemGroup>
  <ItemGroup>
    <Text Include="Arrays\Static\Notes.txt" />
  </ItemGroup>
  <ItemGroup>
    <None Include="packages.config" />
  </ItemGroup>
  <ItemGroup>
    <Filter Include="UnitTests">
      <UniqueIdentifier>{ce066bf3-39b5-4ca9-b69b-706f598d5463}</UniqueIdentifier>
    </Filter>
    <Filter Include="Problems">
      <UniqueIdentifier>{93a05ea3-90d9-4a91-a52a-f6152bcb14eb}</UniqueIdentifier>
    </Filter>
    <Filter Include="Problems\LeetCode">
      <UniqueIdentifier>{49c864b7-23cd-4570-98b3-927166cd66f3}</UniqueIdentifier>
    </Filter>
    <Filter Include="Problems\Backtracking">
      <UniqueIdentifier>{b29656af-273e-4b78-bbd9-e53d94b318a6}</UniqueIdentifier>
    </Filter>
  </ItemGroup>
</Project>