
Microsoft Visual Studio Solution File, Format Version 12.00
# Visual Studio 15
VisualStudioVersion = 15.0.28307.572
MinimumVisualStudioVersion = 10.0.40219.1
Project("{8BC9CEB8-8B4A-11D0-8D11-00A0C91BC942}") = "DataStructureAndAlgorithmTest", "DataStructureAndAlgorithmTest\DataStructureAndAlgorithmTest.vcxproj", "{E7FD96AC-7689-47AD-BD90-280B6F2388BD}"
EndProject
Project("{8BC9CEB8-8B4A-11D0-8D11-00A0C91BC942}") = "DataStructureAndAlgorithm", "DataStructureAndAlgorithm\DataStructureAndAlgorithm.vcxproj", "{14EC2BDC-79C9-42A1-AD5C-B40938D12998}"
EndProject
Global
	GlobalSection(SolutionConfigurationPlatforms) = preSolution
		Debug|x64 = Debug|x64
		Debug|x86 = Debug|x86
		Release|x64 = Release|x64
		Release|x86 = Release|x86
	EndGlobalSection
	GlobalSection(ProjectConfigurationPlatforms) = postSolution
		{E7FD96AC-7689-47AD-BD90-280B6F2388BD}.Debug|x64.ActiveCfg = Debug|x64
		{E7FD96AC-7689-47AD-BD90-280B6F2388BD}.Debug|x64.Build.0 = Debug|x64
		{E7FD96AC-7689-47AD-BD90-280B6F2388BD}.Debug|x86.ActiveCfg = Debug|Win32
		{E7FD96AC-7689-47AD-BD90-280B6F2388BD}.Debug|x86.Build.0 = Debug|Win32
		{E7FD96AC-7689-47AD-BD90-280B6F2388BD}.Release|x64.ActiveCfg = Release|x64
		{E7FD96AC-7689-47AD-BD90-280B6F2388BD}.Release|x64.Build.0 = Release|x64
		{E7FD96AC-7689-47AD-BD90-280B6F2388BD}.Release|x86.ActiveCfg = Release|Win32
		{E7FD96AC-7689-47AD-BD90-280B6F2388BD}.Release|x86.Build.0 = Release|Win32
		{14EC2BDC-79C9-42A1-AD5C-B40938D12998}.Debug|x64.ActiveCfg = Debug|x64
		{14EC2BDC-79C9-42A1-AD5C-B40938D12998}.Debug|x64.Build.0 = Debug|x64
		{14EC2BDC-79C9-42A1-AD5C-B40938D12998}.Debug|x86.ActiveCfg = Debug|Win32
		{14EC2BDC-79C9-42A1-AD5C-B40938D12998}.Debug|x86.Build.0 = Debug|Win32
		{14EC2BDC-79C9-42A1-AD5C-B40938D12998}.Release|x64.ActiveCfg = Release|x64
		{14EC2BDC-79C9-42A1-AD5C-B40938D12998}.Release|x64.Build.0 = Release|x64
		{14EC2BDC-79C9-42A1-AD5C-B40938D12998}.Release|x86.ActiveCfg = Release|Win32
		{14EC2BDC-79C9-42A1-AD5C-B40938D12998}.Release|x86.Build.0 = Release|Win32
	EndGlobalSection
	GlobalSection(SolutionProperties) = preSolution
		HideSolutionNode = FALSE
	EndGlobalSection
	GlobalSection(ExtensibilityGlobals) = postSolution
		SolutionGuid = {D403860A-496C-4449-85F1-F52DF551FE3C}
	EndGlobalSection
EndGlobal
