<?xml version="1.0" encoding="utf-8"?>
<Project ToolsVersion="4.0" xmlns="http://schemas.microsoft.com/developer/msbuild/2003">
  <ItemGroup>
    <Filter Include="Source Files">
      <UniqueIdentifier>{4FC737F1-C7A5-4376-A066-2A32D752A2FF}</UniqueIdentifier>
      <Extensions>cpp;c;cc;cxx;def;odl;idl;hpj;bat;asm;asmx</Extensions>
    </Filter>
    <Filter Include="Header Files">
      <UniqueIdentifier>{93995380-89BD-4b04-88EB-625FBE52EBFB}</UniqueIdentifier>
      <Extensions>h;hh;hpp;hxx;hm;inl;inc;ipp;xsd</Extensions>
    </Filter>
    <Filter Include="Resource Files">
      <UniqueIdentifier>{67DA6AB6-F800-4c08-8B7A-83BB121AAD01}</UniqueIdentifier>
      <Extensions>rc;ico;cur;bmp;dlg;rc2;rct;bin;rgs;gif;jpg;jpeg;jpe;resx;tiff;tif;png;wav;mfcribbon-ms</Extensions>
    </Filter>
    <Filter Include="Lib">
      <UniqueIdentifier>{899c8d25-8274-459e-b05b-2360b2861de9}</UniqueIdentifier>
    </Filter>
    <Filter Include="Lib\Sorting">
      <UniqueIdentifier>{21cd5df3-b962-466d-a5cc-1196cf81a4dc}</UniqueIdentifier>
    </Filter>
  </ItemGroup>
  <ItemGroup>
    <ClInclude Include="stdafx.h">
      <Filter>Header Files</Filter>
    </ClInclude>
    <ClInclude Include="targetver.h">
      <Filter>Header Files</Filter>
    </ClInclude>
    <ClInclude Include="Lib\Array.h">
      <Filter>Lib</Filter>
    </ClInclude>
    <ClInclude Include="Lib\DoubleLinkedList.h">
      <Filter>Lib</Filter>
    </ClInclude>
    <ClInclude Include="Lib\LinkedList.h">
      <Filter>Lib</Filter>
    </ClInclude>
    <ClInclude Include="Lib\Queue.h">
      <Filter>Lib</Filter>
    </ClInclude>
    <ClInclude Include="Lib\Stack.h">
      <Filter>Lib</Filter>
    </ClInclude>
    <ClInclude Include="Lib\CircularQueue.h">
      <Filter>Lib</Filter>
    </ClInclude>
    <ClInclude Include="Lib\Deque.h">
      <Filter>Lib</Filter>
    </ClInclude>
    <ClInclude Include="Lib\BinarySearchTree.h">
      <Filter>Lib</Filter>
    </ClInclude>
    <ClInclude Include="Lib\ChainingHashing.h">
      <Filter>Lib</Filter>
    </ClInclude>
    <ClInclude Include="Lib\LinearProbingHashing.h">
      <Filter>Lib</Filter>
    </ClInclude>
    <ClInclude Include="Lib\Graph.h">
      <Filter>Lib</Filter>
    </ClInclude>
    <ClInclude Include="Lib\Tries.h">
      <Filter>Lib</Filter>
    </ClInclude>
    <ClInclude Include="Lib\BinarySearch.h">
      <Filter>Lib</Filter>
    </ClInclude>
    <ClInclude Include="lib\BubbleSort.h">
      <Filter>Lib\Sorting</Filter>
    </ClInclude>
    <ClInclude Include="lib\SelectionSort.h">
      <Filter>Lib\Sorting</Filter>
    </ClInclude>
    <ClInclude Include="lib\InsertionSort.h">
      <Filter>Lib\Sorting</Filter>
    </ClInclude>
    <ClInclude Include="lib\QuickSort.h">
      <Filter>Lib\Sorting</Filter>
    </ClInclude>
    <ClInclude Include="lib\MergeSort.h">
      <Filter>Lib\Sorting</Filter>
    </ClInclude>
    <ClInclude Include="lib\Tree.h">
      <Filter>Lib</Filter>
    </ClInclude>
  </ItemGroup>
  <ItemGroup>
    <ClCompile Include="stdafx.cpp">
      <Filter>Source Files</Filter>
    </ClCompile>
  </ItemGroup>
</Project>